
Microsoft Visual Studio Solution File, Format Version 12.00
# Visual Studio Version 16
VisualStudioVersion = 16.0.28917.181
MinimumVisualStudioVersion = 10.0.40219.1
Project("{9A19103F-16F7-4668-BE54-9A1E7A4F7556}") = "Exam", "Exam\Exam.csproj", "{48440E2B-6201-42DC-B24D-FC7CA2DB52E2}"
EndProject
Project("{9A19103F-16F7-4668-BE54-9A1E7A4F7556}") = "ExamMailSenderAPI", "ExamMailSenderAPI\ExamMailSenderAPI.csproj", "{901EF860-D15C-4F65-A31A-B0780D996C81}"
EndProject
Project("{9A19103F-16F7-4668-BE54-9A1E7A4F7556}") = "ExamMainDataBaseAPI", "ExamMainDataBaseAPI\ExamMainDataBaseAPI.csproj", "{D44DAB3A-7889-40EE-BC24-DF8639C872B2}"
EndProject
Project("{9A19103F-16F7-4668-BE54-9A1E7A4F7556}") = "FileConverter", "FileConverter\FileConverter.csproj", "{C20FB0E8-1A19-4C46-A153-24D3FA8DDB35}"
EndProject
Project("{9A19103F-16F7-4668-BE54-9A1E7A4F7556}") = "Helpers", "Helpers\Helpers.csproj", "{5F96A006-7798-4D83-9A51-A25D4A616B6F}"
EndProject
Project("{9A19103F-16F7-4668-BE54-9A1E7A4F7556}") = "ExamContract", "ExamContract\ExamContract.csproj", "{8994ABB3-7DF3-436C-8A24-DE14A1F8879A}"
EndProject
Project("{9A19103F-16F7-4668-BE54-9A1E7A4F7556}") = "ExamTutorialAPI", "ExamTutorialAPI\ExamTutorialAPI.csproj", "{973088FA-C7A2-48C4-A36A-F87171DA113B}"
EndProject
Project("{9A19103F-16F7-4668-BE54-9A1E7A4F7556}") = "Logger", "Logger\Logger.csproj", "{EAE3EE3F-452A-4250-AFAA-1F3C934E7C78}"
EndProject
Project("{FAE04EC0-301F-11D3-BF4B-00C04F79EFBC}") = "Exam.Tests", "Exam.Tests\Exam.Tests.csproj", "{A5142DAD-F081-4BA6-8D11-592F9E1F636C}"
EndProject
Global
	GlobalSection(SolutionConfigurationPlatforms) = preSolution
		Debug|Any CPU = Debug|Any CPU
		Release|Any CPU = Release|Any CPU
	EndGlobalSection
	GlobalSection(ProjectConfigurationPlatforms) = postSolution
		{48440E2B-6201-42DC-B24D-FC7CA2DB52E2}.Debug|Any CPU.ActiveCfg = Debug|Any CPU
		{48440E2B-6201-42DC-B24D-FC7CA2DB52E2}.Debug|Any CPU.Build.0 = Debug|Any CPU
		{48440E2B-6201-42DC-B24D-FC7CA2DB52E2}.Release|Any CPU.ActiveCfg = Release|Any CPU
		{48440E2B-6201-42DC-B24D-FC7CA2DB52E2}.Release|Any CPU.Build.0 = Release|Any CPU
		{901EF860-D15C-4F65-A31A-B0780D996C81}.Debug|Any CPU.ActiveCfg = Debug|Any CPU
		{901EF860-D15C-4F65-A31A-B0780D996C81}.Debug|Any CPU.Build.0 = Debug|Any CPU
		{901EF860-D15C-4F65-A31A-B0780D996C81}.Release|Any CPU.ActiveCfg = Release|Any CPU
		{901EF860-D15C-4F65-A31A-B0780D996C81}.Release|Any CPU.Build.0 = Release|Any CPU
		{D44DAB3A-7889-40EE-BC24-DF8639C872B2}.Debug|Any CPU.ActiveCfg = Debug|Any CPU
		{D44DAB3A-7889-40EE-BC24-DF8639C872B2}.Debug|Any CPU.Build.0 = Debug|Any CPU
		{D44DAB3A-7889-40EE-BC24-DF8639C872B2}.Release|Any CPU.ActiveCfg = Release|Any CPU
		{D44DAB3A-7889-40EE-BC24-DF8639C872B2}.Release|Any CPU.Build.0 = Release|Any CPU
		{C20FB0E8-1A19-4C46-A153-24D3FA8DDB35}.Debug|Any CPU.ActiveCfg = Debug|Any CPU
		{C20FB0E8-1A19-4C46-A153-24D3FA8DDB35}.Debug|Any CPU.Build.0 = Debug|Any CPU
		{C20FB0E8-1A19-4C46-A153-24D3FA8DDB35}.Release|Any CPU.ActiveCfg = Release|Any CPU
		{C20FB0E8-1A19-4C46-A153-24D3FA8DDB35}.Release|Any CPU.Build.0 = Release|Any CPU
		{5F96A006-7798-4D83-9A51-A25D4A616B6F}.Debug|Any CPU.ActiveCfg = Debug|Any CPU
		{5F96A006-7798-4D83-9A51-A25D4A616B6F}.Debug|Any CPU.Build.0 = Debug|Any CPU
		{5F96A006-7798-4D83-9A51-A25D4A616B6F}.Release|Any CPU.ActiveCfg = Release|Any CPU
		{5F96A006-7798-4D83-9A51-A25D4A616B6F}.Release|Any CPU.Build.0 = Release|Any CPU
		{8994ABB3-7DF3-436C-8A24-DE14A1F8879A}.Debug|Any CPU.ActiveCfg = Debug|Any CPU
		{8994ABB3-7DF3-436C-8A24-DE14A1F8879A}.Debug|Any CPU.Build.0 = Debug|Any CPU
		{8994ABB3-7DF3-436C-8A24-DE14A1F8879A}.Release|Any CPU.ActiveCfg = Release|Any CPU
		{8994ABB3-7DF3-436C-8A24-DE14A1F8879A}.Release|Any CPU.Build.0 = Release|Any CPU
		{973088FA-C7A2-48C4-A36A-F87171DA113B}.Debug|Any CPU.ActiveCfg = Debug|Any CPU
		{973088FA-C7A2-48C4-A36A-F87171DA113B}.Debug|Any CPU.Build.0 = Debug|Any CPU
		{973088FA-C7A2-48C4-A36A-F87171DA113B}.Release|Any CPU.ActiveCfg = Release|Any CPU
		{973088FA-C7A2-48C4-A36A-F87171DA113B}.Release|Any CPU.Build.0 = Release|Any CPU
		{EAE3EE3F-452A-4250-AFAA-1F3C934E7C78}.Debug|Any CPU.ActiveCfg = Debug|Any CPU
		{EAE3EE3F-452A-4250-AFAA-1F3C934E7C78}.Debug|Any CPU.Build.0 = Debug|Any CPU
		{EAE3EE3F-452A-4250-AFAA-1F3C934E7C78}.Release|Any CPU.ActiveCfg = Release|Any CPU
		{EAE3EE3F-452A-4250-AFAA-1F3C934E7C78}.Release|Any CPU.Build.0 = Release|Any CPU
		{A5142DAD-F081-4BA6-8D11-592F9E1F636C}.Debug|Any CPU.ActiveCfg = Debug|Any CPU
		{A5142DAD-F081-4BA6-8D11-592F9E1F636C}.Debug|Any CPU.Build.0 = Debug|Any CPU
		{A5142DAD-F081-4BA6-8D11-592F9E1F636C}.Release|Any CPU.ActiveCfg = Release|Any CPU
		{A5142DAD-F081-4BA6-8D11-592F9E1F636C}.Release|Any CPU.Build.0 = Release|Any CPU
	EndGlobalSection
	GlobalSection(SolutionProperties) = preSolution
		HideSolutionNode = FALSE
	EndGlobalSection
	GlobalSection(ExtensibilityGlobals) = postSolution
		SolutionGuid = {17618867-23B1-4E66-BFC6-9312F2BFFF22}
	EndGlobalSection
EndGlobal
